
Microsoft Visual Studio Solution File, Format Version 12.00
# Visual Studio Version 17
VisualStudioVersion = 17.3.32922.545
MinimumVisualStudioVersion = 10.0.40219.1
Project("{2150E333-8FDC-42A3-9474-1A3956D46DE8}") = "src", "src", "{84C4E625-046B-4D06-A520-820AD2032125}"
EndProject
Project("{2150E333-8FDC-42A3-9474-1A3956D46DE8}") = "test", "test", "{F6482D50-4DC3-442D-B822-3A2739883887}"
EndProject
Project("{FAE04EC0-301F-11D3-BF4B-00C04F79EFBC}") = "GamesLib.DataAccess", "..\src\GamesLib.DataAccess\GamesLib.DataAccess.csproj", "{10D0EC7D-758E-474E-AC6A-D3D307827566}"
EndProject
Global
	GlobalSection(SolutionConfigurationPlatforms) = preSolution
		Debug|Any CPU = Debug|Any CPU
		Release|Any CPU = Release|Any CPU
	EndGlobalSection
	GlobalSection(ProjectConfigurationPlatforms) = postSolution
		{10D0EC7D-758E-474E-AC6A-D3D307827566}.Debug|Any CPU.ActiveCfg = Debug|Any CPU
		{10D0EC7D-758E-474E-AC6A-D3D307827566}.Debug|Any CPU.Build.0 = Debug|Any CPU
		{10D0EC7D-758E-474E-AC6A-D3D307827566}.Release|Any CPU.ActiveCfg = Release|Any CPU
		{10D0EC7D-758E-474E-AC6A-D3D307827566}.Release|Any CPU.Build.0 = Release|Any CPU
	EndGlobalSection
	GlobalSection(SolutionProperties) = preSolution
		HideSolutionNode = FALSE
	EndGlobalSection
	GlobalSection(NestedProjects) = preSolution
		{10D0EC7D-758E-474E-AC6A-D3D307827566} = {84C4E625-046B-4D06-A520-820AD2032125}
	EndGlobalSection
	GlobalSection(ExtensibilityGlobals) = postSolution
		SolutionGuid = {669F7AB7-5862-4A73-AEA9-63E63C5CE6ED}
	EndGlobalSection
EndGlobal
